
Microsoft Visual Studio Solution File, Format Version 12.00
# Visual Studio 15
VisualStudioVersion = 15.0.27703.2035
MinimumVisualStudioVersion = 10.0.40219.1
Project("{FAE04EC0-301F-11D3-BF4B-00C04F79EFBC}") = "WpfLab2", "WpfLab2\WpfLab2.csproj", "{A06A9D0C-B22A-4E2E-9C7D-CF624361BDFB}"
EndProject
Project("{FAE04EC0-301F-11D3-BF4B-00C04F79EFBC}") = "ISlideshowEffect", "ISlideshowEffect\ISlideshowEffect.csproj", "{4AB3C5F5-548E-4DD6-9755-E9546CD8CF45}"
EndProject
Project("{FAE04EC0-301F-11D3-BF4B-00C04F79EFBC}") = "OpacityEffectPlugin", "OpacityEffectPlugin\OpacityEffectPlugin.csproj", "{5E6A62F6-ED39-4FBB-A158-F3266E2A903A}"
EndProject
Global
	GlobalSection(SolutionConfigurationPlatforms) = preSolution
		Debug|Any CPU = Debug|Any CPU
		Release|Any CPU = Release|Any CPU
	EndGlobalSection
	GlobalSection(ProjectConfigurationPlatforms) = postSolution
		{A06A9D0C-B22A-4E2E-9C7D-CF624361BDFB}.Debug|Any CPU.ActiveCfg = Debug|Any CPU
		{A06A9D0C-B22A-4E2E-9C7D-CF624361BDFB}.Debug|Any CPU.Build.0 = Debug|Any CPU
		{A06A9D0C-B22A-4E2E-9C7D-CF624361BDFB}.Release|Any CPU.ActiveCfg = Release|Any CPU
		{A06A9D0C-B22A-4E2E-9C7D-CF624361BDFB}.Release|Any CPU.Build.0 = Release|Any CPU
		{4AB3C5F5-548E-4DD6-9755-E9546CD8CF45}.Debug|Any CPU.ActiveCfg = Debug|Any CPU
		{4AB3C5F5-548E-4DD6-9755-E9546CD8CF45}.Debug|Any CPU.Build.0 = Debug|Any CPU
		{4AB3C5F5-548E-4DD6-9755-E9546CD8CF45}.Release|Any CPU.ActiveCfg = Release|Any CPU
		{4AB3C5F5-548E-4DD6-9755-E9546CD8CF45}.Release|Any CPU.Build.0 = Release|Any CPU
		{5E6A62F6-ED39-4FBB-A158-F3266E2A903A}.Debug|Any CPU.ActiveCfg = Debug|Any CPU
		{5E6A62F6-ED39-4FBB-A158-F3266E2A903A}.Debug|Any CPU.Build.0 = Debug|Any CPU
		{5E6A62F6-ED39-4FBB-A158-F3266E2A903A}.Release|Any CPU.ActiveCfg = Release|Any CPU
		{5E6A62F6-ED39-4FBB-A158-F3266E2A903A}.Release|Any CPU.Build.0 = Release|Any CPU
	EndGlobalSection
	GlobalSection(SolutionProperties) = preSolution
		HideSolutionNode = FALSE
	EndGlobalSection
	GlobalSection(ExtensibilityGlobals) = postSolution
		SolutionGuid = {1CB4F1F7-F3A7-4F62-93BB-BBC93938654A}
	EndGlobalSection
EndGlobal
